dependencies:
  espressif/esp_websocket_client:
    component_hash: ac62982fcf9b266409c2299d2b6b1844122105b35163a3b7f8d0adaa9f7eb989
    dependencies:
    - name: idf
      require: private
      version: '>=5.0'
    source:
      registry_url: https://components.espressif.com/
      type: service
    version: 1.5.0
  idf:
    source:
      type: idf
    version: 5.4.2
direct_dependencies:
- espressif/esp_websocket_client
- idf
manifest_hash: 5937c479b76f96aa5243f26a331bd046f954de13531b88cd5808f65dbe16343e
target: esp32
version: 2.0.0
